NeoBundleLock ctrlp.vim 58247bdf8550879e183c13860eefa03983959e4a
NeoBundleLock ghcmod-vim 3e012a5b0b904c5c32eeea39071534d492a64a0f
NeoBundleLock neobundle.vim a5e24651d75f875785b50cdedfd328d9300cd484
NeoBundleLock neosnippet-snippets 7bc1674170670a4c43f7f4fc65e0e396759512ea
NeoBundleLock neosnippet.vim 7c07c4d8a2228c77ae4d519c936811db662ecd4a
NeoBundleLock vim-colorschemes 28a989b28457e38df620e4c7ab23e224aff70efe
NeoBundleLock vim-fugitive dba8a0705d95cda76d599bb7d09964d67741a5c5
NeoBundleLock vimproc.vim 18b518260b3a517bf4f3fa7e75242f8b3567c0f8
